
Microsoft Visual Studio Solution File, Format Version 12.00
# Visual Studio 15
VisualStudioVersion = 15.0.28307.168
MinimumVisualStudioVersion = 10.0.40219.1
Project("{FAE04EC0-301F-11D3-BF4B-00C04F79EFBC}") = "TrainingApp", "TrainingApp\TrainingApp.csproj", "{1B0DC1E5-85EE-45D1-BF6C-2844FD27628F}"
EndProject
Project("{FAE04EC0-301F-11D3-BF4B-00C04F79EFBC}") = "TrainingContextLayer", "TrainingContextLayer\TrainingContextLayer.csproj", "{C8EEA6B5-2342-4390-BB2B-AEA0EBE8ED02}"
EndProject
Project("{FAE04EC0-301F-11D3-BF4B-00C04F79EFBC}") = "ViewModels", "ViewModels\ViewModels.csproj", "{5129051E-EFB0-431A-AC89-C0E64D72FC81}"
EndProject
Project("{FAE04EC0-301F-11D3-BF4B-00C04F79EFBC}") = "Services", "Services\Services.csproj", "{0410600C-0901-46AF-9BE9-B0CFB86700BD}"
EndProject
Project("{FAE04EC0-301F-11D3-BF4B-00C04F79EFBC}") = "MasterInterfaces", "MasterInterfaces\MasterInterfaces.csproj", "{0073B1D9-5735-4808-9AD4-CEF5D2028FB2}"
EndProject
Global
	GlobalSection(SolutionConfigurationPlatforms) = preSolution
		Debug|Any CPU = Debug|Any CPU
		Release|Any CPU = Release|Any CPU
	EndGlobalSection
	GlobalSection(ProjectConfigurationPlatforms) = postSolution
		{1B0DC1E5-85EE-45D1-BF6C-2844FD27628F}.Debug|Any CPU.ActiveCfg = Debug|Any CPU
		{1B0DC1E5-85EE-45D1-BF6C-2844FD27628F}.Debug|Any CPU.Build.0 = Debug|Any CPU
		{1B0DC1E5-85EE-45D1-BF6C-2844FD27628F}.Release|Any CPU.ActiveCfg = Release|Any CPU
		{1B0DC1E5-85EE-45D1-BF6C-2844FD27628F}.Release|Any CPU.Build.0 = Release|Any CPU
		{C8EEA6B5-2342-4390-BB2B-AEA0EBE8ED02}.Debug|Any CPU.ActiveCfg = Debug|Any CPU
		{C8EEA6B5-2342-4390-BB2B-AEA0EBE8ED02}.Debug|Any CPU.Build.0 = Debug|Any CPU
		{C8EEA6B5-2342-4390-BB2B-AEA0EBE8ED02}.Release|Any CPU.ActiveCfg = Release|Any CPU
		{C8EEA6B5-2342-4390-BB2B-AEA0EBE8ED02}.Release|Any CPU.Build.0 = Release|Any CPU
		{5129051E-EFB0-431A-AC89-C0E64D72FC81}.Debug|Any CPU.ActiveCfg = Debug|Any CPU
		{5129051E-EFB0-431A-AC89-C0E64D72FC81}.Debug|Any CPU.Build.0 = Debug|Any CPU
		{5129051E-EFB0-431A-AC89-C0E64D72FC81}.Release|Any CPU.ActiveCfg = Release|Any CPU
		{5129051E-EFB0-431A-AC89-C0E64D72FC81}.Release|Any CPU.Build.0 = Release|Any CPU
		{0410600C-0901-46AF-9BE9-B0CFB86700BD}.Debug|Any CPU.ActiveCfg = Debug|Any CPU
		{0410600C-0901-46AF-9BE9-B0CFB86700BD}.Debug|Any CPU.Build.0 = Debug|Any CPU
		{0410600C-0901-46AF-9BE9-B0CFB86700BD}.Release|Any CPU.ActiveCfg = Release|Any CPU
		{0410600C-0901-46AF-9BE9-B0CFB86700BD}.Release|Any CPU.Build.0 = Release|Any CPU
		{0073B1D9-5735-4808-9AD4-CEF5D2028FB2}.Debug|Any CPU.ActiveCfg = Debug|Any CPU
		{0073B1D9-5735-4808-9AD4-CEF5D2028FB2}.Debug|Any CPU.Build.0 = Debug|Any CPU
		{0073B1D9-5735-4808-9AD4-CEF5D2028FB2}.Release|Any CPU.ActiveCfg = Release|Any CPU
		{0073B1D9-5735-4808-9AD4-CEF5D2028FB2}.Release|Any CPU.Build.0 = Release|Any CPU
	EndGlobalSection
	GlobalSection(SolutionProperties) = preSolution
		HideSolutionNode = FALSE
	EndGlobalSection
	GlobalSection(ExtensibilityGlobals) = postSolution
		SolutionGuid = {01775C8C-6170-4BA9-9872-C42309CC80E4}
	EndGlobalSection
EndGlobal
